
Microsoft Visual Studio Solution File, Format Version 10.00
# Visual Studio 2008
Project("{D183A3D8-5FD8-494B-B014-37F57B35E655}") = "TCAPPImport", "TCAPPImport\TCAPPImport.dtproj", "{8B113708-1F6F-4942-A239-55AE863F3884}"
EndProject
Global
	GlobalSection(SolutionConfigurationPlatforms) = preSolution
		Development|Default = Development|Default
	EndGlobalSection
	GlobalSection(ProjectConfigurationPlatforms) = postSolution
		{8B113708-1F6F-4942-A239-55AE863F3884}.Development|Default.ActiveCfg = Development
		{8B113708-1F6F-4942-A239-55AE863F3884}.Development|Default.Build.0 = Development
	EndGlobalSection
	GlobalSection(SolutionProperties) = preSolution
		HideSolutionNode = FALSE
	EndGlobalSection
EndGlobal
